{
  "name": "com",
  "lockfileVersion": 3,
  "requires": true,
  "packages": {
    "": {
      "dependencies": {
        "nodemailer-brevo-transport": "^2.1.0"
      }
    },
    "node_modules/nodemailer-brevo-transport": {
      "version": "2.1.0",
      "resolved": "https://registry.npmjs.org/nodemailer-brevo-transport/-/nodemailer-brevo-transport-2.1.0.tgz",
      "integrity": "sha512-knXJec27LieUdoUFEjUDXDlTnBxfLqjh478hHR45j3zVdMg5LTKx5eNPEI+0Ofz4CqKB5Qi1XaG9z2i/HXiGBQ=="
    }
  }
}
